// !$*UTF8*$!
{
	archiveVersion = 1;
	classes = {
	};
	objectVersion = 46;
	objects = {

/* Begin PBXBuildFile section */
		8D1AC9700486D14A00FE50C9 /* Cocoa.framework in Frameworks */ = {isa = PBXBuildFile; fileRef = DD92D38A0106425D02CA0E72 /* Cocoa.framework */; };
		D430360B148F21640054577A /* ScriptingBridge.framework in Frameworks */ = {isa = PBXBuildFile; fileRef = D430360A148F21640054577A /* ScriptingBridge.framework */; };
		D47F7AAC15B890D10018750E /* SafariBookmark.icns in Resources */ = {isa = PBXBuildFile; fileRef = D47F7AAB15B890D10018750E /* SafariBookmark.icns */; };
		D4E7FFEA14C8B3E900D2A4DA /* Safari.app in Sources */ = {isa = PBXBuildFile; fileRef = D4303608148F21180054577A /* Safari.app */; };
		E1EAB046068128A200774DFF /* QSSafariPlugIn.m in Sources */ = {isa = PBXBuildFile; fileRef = E1EAB045068128A200774DFF /* QSSafariPlugIn.m */; };
/* End PBXBuildFile section */

/* Begin PBXBuildRule section */
		D430360C148F21940054577A /* PBXBuildRule */ = {
			isa = PBXBuildRule;
			compilerSpec = com.apple.compilers.proxy.script;
			filePatterns = "*.app";
			fileType = pattern.proxy;
			isEditable = 1;
			outputFiles = (
				"$(DERIVED_FILES_DIR)/$(INPUT_FILE_BASE).h",
			);
			script = "sdef \"$INPUT_FILE_PATH\" | sdp -fh -o \"$DERIVED_FILES_DIR\" --basename \"$INPUT_FILE_BASE\" --bundleid `defaults read \"$INPUT_FILE_PATH/Contents/Info\" CFBundleIdentifier`";
		};
/* End PBXBuildRule section */

/* Begin PBXFileReference section */
		14DE93C310D0D9BD00851A6F /* Common.xcconfig */ = {isa = PBXFileReference; fileEncoding = 4; lastKnownFileType = text.xcconfig; path = Common.xcconfig; sourceTree = "<group>"; };
		14DE93C410D0D9BD00851A6F /* Debug.xcconfig */ = {isa = PBXFileReference; fileEncoding = 4; lastKnownFileType = text.xcconfig; path = Debug.xcconfig; sourceTree = "<group>"; };
		14DE93C510D0D9BD00851A6F /* Developer.xcconfig */ = {isa = PBXFileReference; fileEncoding = 4; lastKnownFileType = text.xcconfig; path = Developer.xcconfig; sourceTree = "<group>"; };
		14DE93C910D0D9BD00851A6F /* QSPlugIn.xcconfig */ = {isa = PBXFileReference; fileEncoding = 4; lastKnownFileType = text.xcconfig; path = QSPlugIn.xcconfig; sourceTree = "<group>"; };
		14DE93CA10D0D9BD00851A6F /* Release.xcconfig */ = {isa = PBXFileReference; fileEncoding = 4; lastKnownFileType = text.xcconfig; path = Release.xcconfig; sourceTree = "<group>"; };
		8D1AC9730486D14A00FE50C9 /* Info.plist */ = {isa = PBXFileReference; fileEncoding = 4; lastKnownFileType = text.plist; path = Info.plist; sourceTree = "<group>"; };
		8D1AC9740486D14A00FE50C9 /* Safari Plugin.qsplugin */ = {isa = PBXFileReference; explicitFileType = wrapper.cfbundle; includeInIndex = 0; path = "Safari Plugin.qsplugin"; sourceTree = BUILT_PRODUCTS_DIR; };
		D4303608148F21180054577A /* Safari.app */ = {isa = PBXFileReference; lastKnownFileType = wrapper.application; name = Safari.app; path = /Applications/Safari.app; sourceTree = "<absolute>"; };
		D430360A148F21640054577A /* ScriptingBridge.framework */ = {isa = PBXFileReference; lastKnownFileType = wrapper.framework; name = ScriptingBridge.framework; path = /System/Library/Frameworks/ScriptingBridge.framework; sourceTree = "<absolute>"; };
		D47F7AA615B88C260018750E /* Quicksilver.pch */ = {isa = PBXFileReference; lastKnownFileType = sourcecode.c.h; path = Quicksilver.pch; sourceTree = "<group>"; };
		D47F7AAB15B890D10018750E /* SafariBookmark.icns */ = {isa = PBXFileReference; lastKnownFileType = image.icns; path = SafariBookmark.icns; sourceTree = "<group>"; };
		DD92D38A0106425D02CA0E72 /* Cocoa.framework */ = {isa = PBXFileReference; lastKnownFileType = wrapper.framework; name = Cocoa.framework; path = /System/Library/Frameworks/Cocoa.framework; sourceTree = "<absolute>"; };
		E1EAB045068128A200774DFF /* QSSafariPlugIn.m */ = {isa = PBXFileReference; fileEncoding = 30; lastKnownFileType = sourcecode.c.objc; path = QSSafariPlugIn.m; sourceTree = "<group>"; };
		E1EAB047068128A800774DFF /* QSSafariPlugIn.h */ = {isa = PBXFileReference; fileEncoding = 30; lastKnownFileType = sourcecode.c.h; path = QSSafariPlugIn.h; sourceTree = "<group>"; };
/* End PBXFileReference section */

/* Begin PBXFrameworksBuildPhase section */
		8D1AC96E0486D14A00FE50C9 /* Frameworks */ = {
			isa = PBXFrameworksBuildPhase;
			buildActionMask = 2147483647;
			files = (
				D430360B148F21640054577A /* ScriptingBridge.framework in Frameworks */,
				8D1AC9700486D14A00FE50C9 /* Cocoa.framework in Frameworks */,
			);
			runOnlyForDeploymentPostprocessing = 0;
		};
/* End PBXFrameworksBuildPhase section */

/* Begin PBXGroup section */
		0259C574FE90428111CA0C5A /* QSSafariPlugIn */ = {
			isa = PBXGroup;
			children = (
				14DE93C010D0D9A600851A6F /* Configuration */,
				32DBCF9E0370C38000C91783 /* Classes */,
				32DBCF9F0370C38200C91783 /* Other Sources */,
				0259C582FE90428111CA0C5A /* Resources */,
				1ED78706FE9D4A0611CA0C5A /* Products */,
				2E58F364FFB232C311CA0CBA /* Frameworks */,
			);
			name = QSSafariPlugIn;
			sourceTree = "<group>";
		};
		0259C582FE90428111CA0C5A /* Resources */ = {
			isa = PBXGroup;
			children = (
				D47F7AAB15B890D10018750E /* SafariBookmark.icns */,
				8D1AC9730486D14A00FE50C9 /* Info.plist */,
			);
			name = Resources;
			sourceTree = "<group>";
		};
		14DE93C010D0D9A600851A6F /* Configuration */ = {
			isa = PBXGroup;
			children = (
				D47F7AA615B88C260018750E /* Quicksilver.pch */,
				14DE93C310D0D9BD00851A6F /* Common.xcconfig */,
				14DE93C410D0D9BD00851A6F /* Debug.xcconfig */,
				14DE93C510D0D9BD00851A6F /* Developer.xcconfig */,
				14DE93C910D0D9BD00851A6F /* QSPlugIn.xcconfig */,
				14DE93CA10D0D9BD00851A6F /* Release.xcconfig */,
			);
			name = Configuration;
			path = /private/tmp/QS/Configuration;
			sourceTree = "<absolute>";
		};
		1ED78706FE9D4A0611CA0C5A /* Products */ = {
			isa = PBXGroup;
			children = (
				8D1AC9740486D14A00FE50C9 /* Safari Plugin.qsplugin */,
			);
			name = Products;
			sourceTree = "<group>";
		};
		2E58F364FFB232C311CA0CBA /* Frameworks */ = {
			isa = PBXGroup;
			children = (
				D430360A148F21640054577A /* ScriptingBridge.framework */,
				DD92D38A0106425D02CA0E72 /* Cocoa.framework */,
			);
			name = Frameworks;
			sourceTree = "<group>";
		};
		32DBCF9E0370C38000C91783 /* Classes */ = {
			isa = PBXGroup;
			children = (
				E1EAB047068128A800774DFF /* QSSafariPlugIn.h */,
				E1EAB045068128A200774DFF /* QSSafariPlugIn.m */,
			);
			name = Classes;
			sourceTree = "<group>";
		};
		32DBCF9F0370C38200C91783 /* Other Sources */ = {
			isa = PBXGroup;
			children = (
				D4303608148F21180054577A /* Safari.app */,
			);
			name = "Other Sources";
			sourceTree = "<group>";
		};
/* End PBXGroup section */

/* Begin PBXNativeTarget section */
		8D1AC9600486D14A00FE50C9 /* Safari Plugin */ = {
			isa = PBXNativeTarget;
			buildConfigurationList = 7FFF24E9085E488600266176 /* Build configuration list for PBXNativeTarget "Safari Plugin" */;
			buildPhases = (
				E1022B2806B3475D00299BEC /* Update Version and Documentation */,
				8D1AC9660486D14A00FE50C9 /* Resources */,
				8D1AC96A0486D14A00FE50C9 /* Sources */,
				8D1AC96E0486D14A00FE50C9 /* Frameworks */,
			);
			buildRules = (
				D430360C148F21940054577A /* PBXBuildRule */,
			);
			dependencies = (
			);
			name = "Safari Plugin";
			productInstallPath = "$(HOME)/Developer/Palettes";
			productName = QSSafariPlugIn;
			productReference = 8D1AC9740486D14A00FE50C9 /* Safari Plugin.qsplugin */;
			productType = "com.apple.product-type.bundle";
		};
/* End PBXNativeTarget section */

/* Begin PBXProject section */
		0259C573FE90428111CA0C5A /* Project object */ = {
			isa = PBXProject;
			attributes = {
				LastUpgradeCheck = 0450;
			};
			buildConfigurationList = 7FFF24ED085E488600266176 /* Build configuration list for PBXProject "QSSafariPlugIn" */;
			compatibilityVersion = "Xcode 3.2";
			developmentRegion = English;
			hasScannedForEncodings = 1;
			knownRegions = (
				English,
				Japanese,
				French,
				German,
			);
			mainGroup = 0259C574FE90428111CA0C5A /* QSSafariPlugIn */;
			projectDirPath = "";
			projectRoot = "";
			targets = (
				8D1AC9600486D14A00FE50C9 /* Safari Plugin */,
			);
		};
/* End PBXProject section */

/* Begin PBXResourcesBuildPhase section */
		8D1AC9660486D14A00FE50C9 /* Resources */ = {
			isa = PBXResourcesBuildPhase;
			buildActionMask = 2147483647;
			files = (
				D47F7AAC15B890D10018750E /* SafariBookmark.icns in Resources */,
			);
			runOnlyForDeploymentPostprocessing = 0;
		};
/* End PBXResourcesBuildPhase section */

/* Begin PBXShellScriptBuildPhase section */
		E1022B2806B3475D00299BEC /* Update Version and Documentation */ = {
			isa = PBXShellScriptBuildPhase;
			buildActionMask = 8;
			files = (
			);
			inputPaths = (
			);
			name = "Update Version and Documentation";
			outputPaths = (
			);
			runOnlyForDeploymentPostprocessing = 1;
			shellPath = /bin/sh;
			shellScript = "\"$QS_BUILD_ROOT/Tools/bltrversion\"";
		};
/* End PBXShellScriptBuildPhase section */

/* Begin PBXSourcesBuildPhase section */
		8D1AC96A0486D14A00FE50C9 /* Sources */ = {
			isa = PBXSourcesBuildPhase;
			buildActionMask = 2147483647;
			files = (
				D4E7FFEA14C8B3E900D2A4DA /* Safari.app in Sources */,
				E1EAB046068128A200774DFF /* QSSafariPlugIn.m in Sources */,
			);
			runOnlyForDeploymentPostprocessing = 0;
		};
/* End PBXSourcesBuildPhase section */

/* Begin XCBuildConfiguration section */
		7FFF24EA085E488600266176 /* Debug */ = {
			isa = XCBuildConfiguration;
			baseConfigurationReference = 14DE93C910D0D9BD00851A6F /* QSPlugIn.xcconfig */;
			buildSettings = {
				COMBINE_HIDPI_IMAGES = YES;
				PRODUCT_NAME = "Safari Plugin";
			};
			name = Debug;
		};
		7FFF24EB085E488600266176 /* Release */ = {
			isa = XCBuildConfiguration;
			baseConfigurationReference = 14DE93C910D0D9BD00851A6F /* QSPlugIn.xcconfig */;
			buildSettings = {
				COMBINE_HIDPI_IMAGES = YES;
				PRODUCT_NAME = "Safari Plugin";
			};
			name = Release;
		};
		7FFF24EE085E488600266176 /* Debug */ = {
			isa = XCBuildConfiguration;
			baseConfigurationReference = 14DE93C410D0D9BD00851A6F /* Debug.xcconfig */;
			buildSettings = {
			};
			name = Debug;
		};
		7FFF24EF085E488600266176 /* Release */ = {
			isa = XCBuildConfiguration;
			baseConfigurationReference = 14DE93CA10D0D9BD00851A6F /* Release.xcconfig */;
			buildSettings = {
			};
			name = Release;
		};
/* End XCBuildConfiguration section */

/* Begin XCConfigurationList section */
		7FFF24E9085E488600266176 /* Build configuration list for PBXNativeTarget "Safari Plugin" */ = {
			isa = XCConfigurationList;
			buildConfigurations = (
				7FFF24EA085E488600266176 /* Debug */,
				7FFF24EB085E488600266176 /* Release */,
			);
			defaultConfigurationIsVisible = 0;
			defaultConfigurationName = Debug;
		};
		7FFF24ED085E488600266176 /* Build configuration list for PBXProject "QSSafariPlugIn" */ = {
			isa = XCConfigurationList;
			buildConfigurations = (
				7FFF24EE085E488600266176 /* Debug */,
				7FFF24EF085E488600266176 /* Release */,
			);
			defaultConfigurationIsVisible = 0;
			defaultConfigurationName = Debug;
		};
/* End XCConfigurationList section */
	};
	rootObject = 0259C573FE90428111CA0C5A /* Project object */;
}
